
Microsoft Visual Studio Solution File, Format Version 12.00
# Visual Studio Version 16
VisualStudioVersion = 16.0.30320.27
MinimumVisualStudioVersion = 10.0.40219.1
Project("{FAE04EC0-301F-11D3-BF4B-00C04F79EFBC}") = "RentACar", "RentACar.csproj", "{40809D8C-8676-40A5-BED3-C4F27DC7493A}"
EndProject
Global
	GlobalSection(SolutionConfigurationPlatforms) = preSolution
		Debug|Any CPU = Debug|Any CPU
		Release|Any CPU = Release|Any CPU
	EndGlobalSection
	GlobalSection(ProjectConfigurationPlatforms) = postSolution
		{40809D8C-8676-40A5-BED3-C4F27DC7493A}.Debug|Any CPU.ActiveCfg = Debug|Any CPU
		{40809D8C-8676-40A5-BED3-C4F27DC7493A}.Debug|Any CPU.Build.0 = Debug|Any CPU
		{40809D8C-8676-40A5-BED3-C4F27DC7493A}.Release|Any CPU.ActiveCfg = Release|Any CPU
		{40809D8C-8676-40A5-BED3-C4F27DC7493A}.Release|Any CPU.Build.0 = Release|Any CPU
	EndGlobalSection
	GlobalSection(SolutionProperties) = preSolution
		HideSolutionNode = FALSE
	EndGlobalSection
	GlobalSection(ExtensibilityGlobals) = postSolution
		SolutionGuid = {F65455D0-F090-41C6-81FE-86337CD6E899}
	EndGlobalSection
EndGlobal
